
Microsoft Visual Studio Solution File, Format Version 12.00
# Visual Studio 15
VisualStudioVersion = 15.0.27428.2037
MinimumVisualStudioVersion = 10.0.40219.1
Project("{FAE04EC0-301F-11D3-BF4B-00C04F79EFBC}") = "CentralitaHerencia", "CentralitaHerencia\CentralitaHerencia.csproj", "{394C6338-3D61-4533-9757-6F6C298193C5}"
EndProject
Project("{FAE04EC0-301F-11D3-BF4B-00C04F79EFBC}") = "Entidades", "Entidades\Entidades.csproj", "{53B34BC4-E170-4B1C-A081-CBA27A942495}"
EndProject
Global
	GlobalSection(SolutionConfigurationPlatforms) = preSolution
		Debug|Any CPU = Debug|Any CPU
		Release|Any CPU = Release|Any CPU
	EndGlobalSection
	GlobalSection(ProjectConfigurationPlatforms) = postSolution
		{394C6338-3D61-4533-9757-6F6C298193C5}.Debug|Any CPU.ActiveCfg = Debug|Any CPU
		{394C6338-3D61-4533-9757-6F6C298193C5}.Debug|Any CPU.Build.0 = Debug|Any CPU
		{394C6338-3D61-4533-9757-6F6C298193C5}.Release|Any CPU.ActiveCfg = Release|Any CPU
		{394C6338-3D61-4533-9757-6F6C298193C5}.Release|Any CPU.Build.0 = Release|Any CPU
		{53B34BC4-E170-4B1C-A081-CBA27A942495}.Debug|Any CPU.ActiveCfg = Debug|Any CPU
		{53B34BC4-E170-4B1C-A081-CBA27A942495}.Debug|Any CPU.Build.0 = Debug|Any CPU
		{53B34BC4-E170-4B1C-A081-CBA27A942495}.Release|Any CPU.ActiveCfg = Release|Any CPU
		{53B34BC4-E170-4B1C-A081-CBA27A942495}.Release|Any CPU.Build.0 = Release|Any CPU
	EndGlobalSection
	GlobalSection(SolutionProperties) = preSolution
		HideSolutionNode = FALSE
	EndGlobalSection
	GlobalSection(ExtensibilityGlobals) = postSolution
		SolutionGuid = {D19B9DC1-66D8-4CBC-BF0D-0FC751520D4A}
	EndGlobalSection
EndGlobal
