
Microsoft Visual Studio Solution File, Format Version 12.00
# Visual Studio 15
VisualStudioVersion = 15.0.27703.2035
MinimumVisualStudioVersion = 10.0.40219.1
Project("{FAE04EC0-301F-11D3-BF4B-00C04F79EFBC}") = "Ejercicio01", "Ejercicio01\Ejercicio01.csproj", "{752256AE-9E93-4274-AD10-0B4369287438}"
EndProject
Project("{FAE04EC0-301F-11D3-BF4B-00C04F79EFBC}") = "Ejercicio02", "Ejercicio02\Ejercicio02.csproj", "{B76C0352-B9B9-4942-BC89-A8A0E51BEE52}"
EndProject
Project("{FAE04EC0-301F-11D3-BF4B-00C04F79EFBC}") = "Ejercicio06", "Ejercicio06\Ejercicio06.csproj", "{E187D55A-9291-488B-B027-436C57677731}"
EndProject
Project("{FAE04EC0-301F-11D3-BF4B-00C04F79EFBC}") = "Ejercicio09", "Ejercicio09\Ejercicio09.csproj", "{8B3462E1-6B71-4B0A-BDAE-997DA55600FF}"
EndProject
Project("{FAE04EC0-301F-11D3-BF4B-00C04F79EFBC}") = "Ejercicio04", "Ejercicio04\Ejercicio04.csproj", "{C22A0C2F-EA9A-46EF-BEDF-01DD7045E325}"
EndProject
Project("{FAE04EC0-301F-11D3-BF4B-00C04F79EFBC}") = "Ejercicio07", "Ejercicio07\Ejercicio07.csproj", "{F7D45987-BF50-420E-8F38-67D4B498A387}"
EndProject
Project("{FAE04EC0-301F-11D3-BF4B-00C04F79EFBC}") = "Ejercicio08", "Ejercicio08\Ejercicio08.csproj", "{0A4E4128-4D54-4EA9-8771-ECED7D126CEA}"
EndProject
Project("{FAE04EC0-301F-11D3-BF4B-00C04F79EFBC}") = "Ejercicio10", "Ejercicio10\Ejercicio10.csproj", "{9FE6A504-086F-4916-9467-D48FEA3E3659}"
EndProject
Project("{FAE04EC0-301F-11D3-BF4B-00C04F79EFBC}") = "Ejercicio05", "Ejercicio05\Ejercicio05.csproj", "{7017C38E-16CC-4F8C-BD27-BA50C3EF3BD9}"
EndProject
Project("{FAE04EC0-301F-11D3-BF4B-00C04F79EFBC}") = "Ejercicio03", "Ejercicio03\Ejercicio03.csproj", "{8F0228DD-D7E3-4CF5-A8EA-C0B6EF961EBA}"
EndProject
Project("{FAE04EC0-301F-11D3-BF4B-00C04F79EFBC}") = "EjerClase02", "EjerClase02\EjerClase02.csproj", "{F0C5C1B4-7E22-4B5B-B8ED-24A79F6521E6}"
EndProject
Project("{FAE04EC0-301F-11D3-BF4B-00C04F79EFBC}") = "EntidadSello", "EntidadSello\EntidadSello.csproj", "{88A92E98-8779-4E84-A84B-983F54B6CADA}"
EndProject
Project("{FAE04EC0-301F-11D3-BF4B-00C04F79EFBC}") = "Ejercicio11", "Ejercicio11\Ejercicio11.csproj", "{A46900F0-AA3A-470F-A357-77038BB5A237}"
EndProject
Project("{FAE04EC0-301F-11D3-BF4B-00C04F79EFBC}") = "Ejercicio12", "Ejercicio12\Ejercicio12.csproj", "{912AFE10-E52F-406E-BBAF-592C6298DB20}"
EndProject
Project("{FAE04EC0-301F-11D3-BF4B-00C04F79EFBC}") = "Ejercicio13", "Ejercicio13\Ejercicio13.csproj", "{04951C6D-0B9A-4BA1-9A05-35B89230824F}"
EndProject
Project("{FAE04EC0-301F-11D3-BF4B-00C04F79EFBC}") = "Ejercicio14", "Ejercicio14\Ejercicio14.csproj", "{7A6A96BD-DEFC-4C35-BA17-38FF8CF1C0D9}"
EndProject
Project("{FAE04EC0-301F-11D3-BF4B-00C04F79EFBC}") = "Ejercicio15", "Ejercicio15\Ejercicio15.csproj", "{ED195F0A-613D-4F18-A36E-178CE5E502FC}"
EndProject
Project("{FAE04EC0-301F-11D3-BF4B-00C04F79EFBC}") = "Ejercicio18", "Ejercicio18\Ejercicio18.csproj", "{26E96B46-A5F8-461E-8BE7-1E84EB04B163}"
EndProject
Project("{FAE04EC0-301F-11D3-BF4B-00C04F79EFBC}") = "EntidadCosa", "Cosa\EntidadCosa.csproj", "{30F57532-7B18-46B8-B978-38956406AF54}"
EndProject
Project("{FAE04EC0-301F-11D3-BF4B-00C04F79EFBC}") = "EjerClase04", "EjerClase04\EjerClase04.csproj", "{79275F8F-C2E1-4A98-9D85-D4D832C5333D}"
EndProject
Project("{FAE04EC0-301F-11D3-BF4B-00C04F79EFBC}") = "EjerClase04WF", "EjerClase04WF\EjerClase04WF.csproj", "{6E874D28-DA8F-4106-A495-C91A74305A62}"
EndProject
Project("{FAE04EC0-301F-11D3-BF4B-00C04F79EFBC}") = "Ejercicio16", "Ejercicio16\Ejercicio16.csproj", "{2DB4DC62-61B1-418B-BB9C-7DC9B454F9E8}"
EndProject
Project("{FAE04EC0-301F-11D3-BF4B-00C04F79EFBC}") = "Ejercicio17", "Ejercicio17\Ejercicio17.csproj", "{96BC68DD-7227-4754-809C-4AA15974E9CE}"
EndProject
Project("{FAE04EC0-301F-11D3-BF4B-00C04F79EFBC}") = "EjerClase05", "EjerClase05\EjerClase05.csproj", "{7A3F846E-4D57-44C1-9D2E-946A109DAF6F}"
EndProject
Project("{FAE04EC0-301F-11D3-BF4B-00C04F79EFBC}") = "Entidades", "Entidades\Entidades.csproj", "{F682062A-3C24-4282-AD24-F659C39B388E}"
EndProject
Project("{FAE04EC0-301F-11D3-BF4B-00C04F79EFBC}") = "Ejercicio19", "Ejercicio19\Ejercicio19.csproj", "{05724568-5211-4927-832E-2FA7DA2579F3}"
EndProject
Project("{FAE04EC0-301F-11D3-BF4B-00C04F79EFBC}") = "Ejercicio20", "Ejercicio20\Ejercicio20.csproj", "{9EB67BAF-A059-45CA-B568-F1ECAAB2E450}"
EndProject
Project("{FAE04EC0-301F-11D3-BF4B-00C04F79EFBC}") = "Billetes", "Billetes\Billetes.csproj", "{D6B64AB9-9B98-4B83-9E65-FAEAC3A40DCC}"
EndProject
Project("{FAE04EC0-301F-11D3-BF4B-00C04F79EFBC}") = "EntidadesClase06", "EntidadesClase06\EntidadesClase06.csproj", "{F3F110D2-C767-4B3A-BEDB-3D1AA8138F27}"
EndProject
Project("{FAE04EC0-301F-11D3-BF4B-00C04F79EFBC}") = "EjerClase06", "EjerClase06\EjerClase06.csproj", "{05A01A04-7349-46FD-A316-8D7379AA1AF5}"
EndProject
Project("{FAE04EC0-301F-11D3-BF4B-00C04F79EFBC}") = "EntidadesClase07(Ejercicio29)", "EntidadesClase07\EntidadesClase07(Ejercicio29).csproj", "{BFA9860A-F2B3-4FC0-8B5F-075196BAB748}"
EndProject
Project("{FAE04EC0-301F-11D3-BF4B-00C04F79EFBC}") = "EjerClase07(Ejercicio29)", "EjerClase07\EjerClase07(Ejercicio29).csproj", "{178E4E5D-F168-4EF1-9CB4-95CF4340063A}"
EndProject
Project("{FAE04EC0-301F-11D3-BF4B-00C04F79EFBC}") = "EjerClase07WF", "EjerClase07WF\EjerClase07WF.csproj", "{F7E9E98A-D48F-47C4-A470-7725EAC6718A}"
EndProject
Project("{FAE04EC0-301F-11D3-BF4B-00C04F79EFBC}") = "Formula1", "Formula1\Formula1.csproj", "{BD72187B-0352-40D7-BFFC-1E0DCA638678}"
EndProject
Project("{FAE04EC0-301F-11D3-BF4B-00C04F79EFBC}") = "Ejercicio30", "Ejercicio30\Ejercicio30.csproj", "{095E86A9-B0B1-46CE-8084-525CCA13325A}"
EndProject
Project("{FAE04EC0-301F-11D3-BF4B-00C04F79EFBC}") = "EntidadesClase09", "EntidadesClase09\EntidadesClase09.csproj", "{E372A231-5B69-48E3-A3BE-255CAE762DA5}"
EndProject
Project("{FAE04EC0-301F-11D3-BF4B-00C04F79EFBC}") = "EjerClase09", "EjerClase09\EjerClase09.csproj", "{4B6037D5-F143-4658-AA67-50900B3ED911}"
EndProject
Project("{FAE04EC0-301F-11D3-BF4B-00C04F79EFBC}") = "EntidadesClase14", "EntidadesClase14\EntidadesClase14.csproj", "{7BBCE75F-0497-4EE9-85CE-D75C27532E86}"
EndProject
Project("{FAE04EC0-301F-11D3-BF4B-00C04F79EFBC}") = "EjerClase14", "EjerClase14\EjerClase14.csproj", "{762CCF58-5672-49AA-BF3F-17D6C7E319BA}"
EndProject
Project("{FAE04EC0-301F-11D3-BF4B-00C04F79EFBC}") = "EntidadesClase15", "EntidadesClase15\EntidadesClase15.csproj", "{235A8C82-9FEA-429D-A03C-A53941AE15BD}"
EndProject
Project("{FAE04EC0-301F-11D3-BF4B-00C04F79EFBC}") = "EjerClase15", "EjerClase15\EjerClase15.csproj", "{7C7A8B91-578F-4476-80D8-C77E5FCD131F}"
EndProject
Project("{FAE04EC0-301F-11D3-BF4B-00C04F79EFBC}") = "EntidadesEjer47", "EntidadesEjer47\EntidadesEjer47.csproj", "{7B9454AF-238E-437E-B00C-92A89EB190E6}"
EndProject
Project("{FAE04EC0-301F-11D3-BF4B-00C04F79EFBC}") = "Ejercicio47", "Ejercicio47\Ejercicio47.csproj", "{8799B018-ED15-4DA7-ABBE-5EDCCB12547E}"
EndProject
Project("{FAE04EC0-301F-11D3-BF4B-00C04F79EFBC}") = "EntidadesClase18", "EntidadesClase18\EntidadesClase18.csproj", "{6E8E67D6-40E5-41DE-B803-CE611DA66016}"
EndProject
Project("{FAE04EC0-301F-11D3-BF4B-00C04F79EFBC}") = "EjerClase18", "EjerClase18\EjerClase18.csproj", "{819CD409-108D-464E-8432-4849F3F64C05}"
EndProject
Project("{FAE04EC0-301F-11D3-BF4B-00C04F79EFBC}") = "EntidadesClase19", "EntidadesClase19\EntidadesClase19.csproj", "{8CBD0CD2-A221-4802-9D91-55691AE424E3}"
EndProject
Project("{FAE04EC0-301F-11D3-BF4B-00C04F79EFBC}") = "EjerClase19", "EjerClase19\EjerClase19.csproj", "{24A89275-4B29-4F58-B0BD-1B26CEAA9080}"
EndProject
Project("{FAE04EC0-301F-11D3-BF4B-00C04F79EFBC}") = "EjerClase19WF", "EjerClase19WF\EjerClase19WF.csproj", "{6E94F675-FF34-42D3-9A0A-3394CD8C15F8}"
EndProject
Project("{FAE04EC0-301F-11D3-BF4B-00C04F79EFBC}") = "EntidadesClase20", "EntidadesClase20\EntidadesClase20.csproj", "{B0E2EC40-D68A-4ED5-AF85-0BF9B726D2CA}"
EndProject
Project("{FAE04EC0-301F-11D3-BF4B-00C04F79EFBC}") = "EjerClase20", "EjerClase20\EjerClase20.csproj", "{137C26B4-3627-4DC6-9438-5F7E2A470443}"
EndProject
Project("{FAE04EC0-301F-11D3-BF4B-00C04F79EFBC}") = "EntidadesClase21", "EntidadesClase21\EntidadesClase21.csproj", "{A1494CBD-A1CC-49EC-AC35-E017E7434927}"
EndProject
Project("{FAE04EC0-301F-11D3-BF4B-00C04F79EFBC}") = "EjerClase21", "EjerClase21\EjerClase21.csproj", "{4EA15FE2-FB4F-401C-8148-5B500AAA30B3}"
EndProject
Project("{FAE04EC0-301F-11D3-BF4B-00C04F79EFBC}") = "Ejercicio61", "Ejercicio61\Ejercicio61.csproj", "{689857BE-3CA6-4D67-8B92-D205676A1559}"
EndProject
Project("{FAE04EC0-301F-11D3-BF4B-00C04F79EFBC}") = "EjerClase23WF1", "EjerClase23\EjerClase23WF1.csproj", "{534B49E7-27BB-4568-AB41-9E94329E9DAA}"
EndProject
Project("{FAE04EC0-301F-11D3-BF4B-00C04F79EFBC}") = "EjerClase23WF2", "EjerClase23WF2\EjerClase23WF2.csproj", "{B400AF1F-8B2F-4C0F-927F-09C23872335E}"
EndProject
Project("{FAE04EC0-301F-11D3-BF4B-00C04F79EFBC}") = "EntidadesClase24", "EntidadesClase24\EntidadesClase24.csproj", "{FD697C0A-39CF-4950-8912-748BED208040}"
EndProject
Project("{FAE04EC0-301F-11D3-BF4B-00C04F79EFBC}") = "EjerClase24", "EjerClase24\EjerClase24.csproj", "{F02C6B9D-1BE4-4F97-A534-717FFD8D7971}"
EndProject
Project("{FAE04EC0-301F-11D3-BF4B-00C04F79EFBC}") = "EjerClase24WF", "EjerClase24WF\EjerClase24WF.csproj", "{C16DC8E3-23F2-42F3-861B-5FB953D5E23D}"
EndProject
Project("{FAE04EC0-301F-11D3-BF4B-00C04F79EFBC}") = "EjerClase24WF2", "EjerClase24WF2\EjerClase24WF2.csproj", "{3B26DE84-4EF2-4FD8-BB52-A1473B03366B}"
EndProject
Project("{FAE04EC0-301F-11D3-BF4B-00C04F79EFBC}") = "EjerClase25", "EjerClase25\EjerClase25.csproj", "{6411DD85-AF39-4457-A111-AFA6F3F59B86}"
EndProject
Global
	GlobalSection(SolutionConfigurationPlatforms) = preSolution
		Debug|Any CPU = Debug|Any CPU
		Release|Any CPU = Release|Any CPU
	EndGlobalSection
	GlobalSection(ProjectConfigurationPlatforms) = postSolution
		{752256AE-9E93-4274-AD10-0B4369287438}.Debug|Any CPU.ActiveCfg = Debug|Any CPU
		{752256AE-9E93-4274-AD10-0B4369287438}.Debug|Any CPU.Build.0 = Debug|Any CPU
		{752256AE-9E93-4274-AD10-0B4369287438}.Release|Any CPU.ActiveCfg = Release|Any CPU
		{752256AE-9E93-4274-AD10-0B4369287438}.Release|Any CPU.Build.0 = Release|Any CPU
		{B76C0352-B9B9-4942-BC89-A8A0E51BEE52}.Debug|Any CPU.ActiveCfg = Debug|Any CPU
		{B76C0352-B9B9-4942-BC89-A8A0E51BEE52}.Debug|Any CPU.Build.0 = Debug|Any CPU
		{B76C0352-B9B9-4942-BC89-A8A0E51BEE52}.Release|Any CPU.ActiveCfg = Release|Any CPU
		{B76C0352-B9B9-4942-BC89-A8A0E51BEE52}.Release|Any CPU.Build.0 = Release|Any CPU
		{E187D55A-9291-488B-B027-436C57677731}.Debug|Any CPU.ActiveCfg = Debug|Any CPU
		{E187D55A-9291-488B-B027-436C57677731}.Debug|Any CPU.Build.0 = Debug|Any CPU
		{E187D55A-9291-488B-B027-436C57677731}.Release|Any CPU.ActiveCfg = Release|Any CPU
		{E187D55A-9291-488B-B027-436C57677731}.Release|Any CPU.Build.0 = Release|Any CPU
		{8B3462E1-6B71-4B0A-BDAE-997DA55600FF}.Debug|Any CPU.ActiveCfg = Debug|Any CPU
		{8B3462E1-6B71-4B0A-BDAE-997DA55600FF}.Debug|Any CPU.Build.0 = Debug|Any CPU
		{8B3462E1-6B71-4B0A-BDAE-997DA55600FF}.Release|Any CPU.ActiveCfg = Release|Any CPU
		{8B3462E1-6B71-4B0A-BDAE-997DA55600FF}.Release|Any CPU.Build.0 = Release|Any CPU
		{C22A0C2F-EA9A-46EF-BEDF-01DD7045E325}.Debug|Any CPU.ActiveCfg = Debug|Any CPU
		{C22A0C2F-EA9A-46EF-BEDF-01DD7045E325}.Debug|Any CPU.Build.0 = Debug|Any CPU
		{C22A0C2F-EA9A-46EF-BEDF-01DD7045E325}.Release|Any CPU.ActiveCfg = Release|Any CPU
		{C22A0C2F-EA9A-46EF-BEDF-01DD7045E325}.Release|Any CPU.Build.0 = Release|Any CPU
		{F7D45987-BF50-420E-8F38-67D4B498A387}.Debug|Any CPU.ActiveCfg = Debug|Any CPU
		{F7D45987-BF50-420E-8F38-67D4B498A387}.Debug|Any CPU.Build.0 = Debug|Any CPU
		{F7D45987-BF50-420E-8F38-67D4B498A387}.Release|Any CPU.ActiveCfg = Release|Any CPU
		{F7D45987-BF50-420E-8F38-67D4B498A387}.Release|Any CPU.Build.0 = Release|Any CPU
		{0A4E4128-4D54-4EA9-8771-ECED7D126CEA}.Debug|Any CPU.ActiveCfg = Debug|Any CPU
		{0A4E4128-4D54-4EA9-8771-ECED7D126CEA}.Debug|Any CPU.Build.0 = Debug|Any CPU
		{0A4E4128-4D54-4EA9-8771-ECED7D126CEA}.Release|Any CPU.ActiveCfg = Release|Any CPU
		{0A4E4128-4D54-4EA9-8771-ECED7D126CEA}.Release|Any CPU.Build.0 = Release|Any CPU
		{9FE6A504-086F-4916-9467-D48FEA3E3659}.Debug|Any CPU.ActiveCfg = Debug|Any CPU
		{9FE6A504-086F-4916-9467-D48FEA3E3659}.Debug|Any CPU.Build.0 = Debug|Any CPU
		{9FE6A504-086F-4916-9467-D48FEA3E3659}.Release|Any CPU.ActiveCfg = Release|Any CPU
		{9FE6A504-086F-4916-9467-D48FEA3E3659}.Release|Any CPU.Build.0 = Release|Any CPU
		{7017C38E-16CC-4F8C-BD27-BA50C3EF3BD9}.Debug|Any CPU.ActiveCfg = Debug|Any CPU
		{7017C38E-16CC-4F8C-BD27-BA50C3EF3BD9}.Debug|Any CPU.Build.0 = Debug|Any CPU
		{7017C38E-16CC-4F8C-BD27-BA50C3EF3BD9}.Release|Any CPU.ActiveCfg = Release|Any CPU
		{7017C38E-16CC-4F8C-BD27-BA50C3EF3BD9}.Release|Any CPU.Build.0 = Release|Any CPU
		{8F0228DD-D7E3-4CF5-A8EA-C0B6EF961EBA}.Debug|Any CPU.ActiveCfg = Debug|Any CPU
		{8F0228DD-D7E3-4CF5-A8EA-C0B6EF961EBA}.Debug|Any CPU.Build.0 = Debug|Any CPU
		{8F0228DD-D7E3-4CF5-A8EA-C0B6EF961EBA}.Release|Any CPU.ActiveCfg = Release|Any CPU
		{8F0228DD-D7E3-4CF5-A8EA-C0B6EF961EBA}.Release|Any CPU.Build.0 = Release|Any CPU
		{F0C5C1B4-7E22-4B5B-B8ED-24A79F6521E6}.Debug|Any CPU.ActiveCfg = Debug|Any CPU
		{F0C5C1B4-7E22-4B5B-B8ED-24A79F6521E6}.Debug|Any CPU.Build.0 = Debug|Any CPU
		{F0C5C1B4-7E22-4B5B-B8ED-24A79F6521E6}.Release|Any CPU.ActiveCfg = Release|Any CPU
		{F0C5C1B4-7E22-4B5B-B8ED-24A79F6521E6}.Release|Any CPU.Build.0 = Release|Any CPU
		{88A92E98-8779-4E84-A84B-983F54B6CADA}.Debug|Any CPU.ActiveCfg = Debug|Any CPU
		{88A92E98-8779-4E84-A84B-983F54B6CADA}.Debug|Any CPU.Build.0 = Debug|Any CPU
		{88A92E98-8779-4E84-A84B-983F54B6CADA}.Release|Any CPU.ActiveCfg = Release|Any CPU
		{88A92E98-8779-4E84-A84B-983F54B6CADA}.Release|Any CPU.Build.0 = Release|Any CPU
		{A46900F0-AA3A-470F-A357-77038BB5A237}.Debug|Any CPU.ActiveCfg = Debug|Any CPU
		{A46900F0-AA3A-470F-A357-77038BB5A237}.Debug|Any CPU.Build.0 = Debug|Any CPU
		{A46900F0-AA3A-470F-A357-77038BB5A237}.Release|Any CPU.ActiveCfg = Release|Any CPU
		{A46900F0-AA3A-470F-A357-77038BB5A237}.Release|Any CPU.Build.0 = Release|Any CPU
		{912AFE10-E52F-406E-BBAF-592C6298DB20}.Debug|Any CPU.ActiveCfg = Debug|Any CPU
		{912AFE10-E52F-406E-BBAF-592C6298DB20}.Debug|Any CPU.Build.0 = Debug|Any CPU
		{912AFE10-E52F-406E-BBAF-592C6298DB20}.Release|Any CPU.ActiveCfg = Release|Any CPU
		{912AFE10-E52F-406E-BBAF-592C6298DB20}.Release|Any CPU.Build.0 = Release|Any CPU
		{04951C6D-0B9A-4BA1-9A05-35B89230824F}.Debug|Any CPU.ActiveCfg = Debug|Any CPU
		{04951C6D-0B9A-4BA1-9A05-35B89230824F}.Debug|Any CPU.Build.0 = Debug|Any CPU
		{04951C6D-0B9A-4BA1-9A05-35B89230824F}.Release|Any CPU.ActiveCfg = Release|Any CPU
		{04951C6D-0B9A-4BA1-9A05-35B89230824F}.Release|Any CPU.Build.0 = Release|Any CPU
		{7A6A96BD-DEFC-4C35-BA17-38FF8CF1C0D9}.Debug|Any CPU.ActiveCfg = Debug|Any CPU
		{7A6A96BD-DEFC-4C35-BA17-38FF8CF1C0D9}.Debug|Any CPU.Build.0 = Debug|Any CPU
		{7A6A96BD-DEFC-4C35-BA17-38FF8CF1C0D9}.Release|Any CPU.ActiveCfg = Release|Any CPU
		{7A6A96BD-DEFC-4C35-BA17-38FF8CF1C0D9}.Release|Any CPU.Build.0 = Release|Any CPU
		{ED195F0A-613D-4F18-A36E-178CE5E502FC}.Debug|Any CPU.ActiveCfg = Debug|Any CPU
		{ED195F0A-613D-4F18-A36E-178CE5E502FC}.Debug|Any CPU.Build.0 = Debug|Any CPU
		{ED195F0A-613D-4F18-A36E-178CE5E502FC}.Release|Any CPU.ActiveCfg = Release|Any CPU
		{ED195F0A-613D-4F18-A36E-178CE5E502FC}.Release|Any CPU.Build.0 = Release|Any CPU
		{26E96B46-A5F8-461E-8BE7-1E84EB04B163}.Debug|Any CPU.ActiveCfg = Debug|Any CPU
		{26E96B46-A5F8-461E-8BE7-1E84EB04B163}.Debug|Any CPU.Build.0 = Debug|Any CPU
		{26E96B46-A5F8-461E-8BE7-1E84EB04B163}.Release|Any CPU.ActiveCfg = Release|Any CPU
		{26E96B46-A5F8-461E-8BE7-1E84EB04B163}.Release|Any CPU.Build.0 = Release|Any CPU
		{30F57532-7B18-46B8-B978-38956406AF54}.Debug|Any CPU.ActiveCfg = Debug|Any CPU
		{30F57532-7B18-46B8-B978-38956406AF54}.Debug|Any CPU.Build.0 = Debug|Any CPU
		{30F57532-7B18-46B8-B978-38956406AF54}.Release|Any CPU.ActiveCfg = Release|Any CPU
		{30F57532-7B18-46B8-B978-38956406AF54}.Release|Any CPU.Build.0 = Release|Any CPU
		{79275F8F-C2E1-4A98-9D85-D4D832C5333D}.Debug|Any CPU.ActiveCfg = Debug|Any CPU
		{79275F8F-C2E1-4A98-9D85-D4D832C5333D}.Debug|Any CPU.Build.0 = Debug|Any CPU
		{79275F8F-C2E1-4A98-9D85-D4D832C5333D}.Release|Any CPU.ActiveCfg = Release|Any CPU
		{79275F8F-C2E1-4A98-9D85-D4D832C5333D}.Release|Any CPU.Build.0 = Release|Any CPU
		{6E874D28-DA8F-4106-A495-C91A74305A62}.Debug|Any CPU.ActiveCfg = Debug|Any CPU
		{6E874D28-DA8F-4106-A495-C91A74305A62}.Debug|Any CPU.Build.0 = Debug|Any CPU
		{6E874D28-DA8F-4106-A495-C91A74305A62}.Release|Any CPU.ActiveCfg = Release|Any CPU
		{6E874D28-DA8F-4106-A495-C91A74305A62}.Release|Any CPU.Build.0 = Release|Any CPU
		{2DB4DC62-61B1-418B-BB9C-7DC9B454F9E8}.Debug|Any CPU.ActiveCfg = Debug|Any CPU
		{2DB4DC62-61B1-418B-BB9C-7DC9B454F9E8}.Debug|Any CPU.Build.0 = Debug|Any CPU
		{2DB4DC62-61B1-418B-BB9C-7DC9B454F9E8}.Release|Any CPU.ActiveCfg = Release|Any CPU
		{2DB4DC62-61B1-418B-BB9C-7DC9B454F9E8}.Release|Any CPU.Build.0 = Release|Any CPU
		{96BC68DD-7227-4754-809C-4AA15974E9CE}.Debug|Any CPU.ActiveCfg = Debug|Any CPU
		{96BC68DD-7227-4754-809C-4AA15974E9CE}.Debug|Any CPU.Build.0 = Debug|Any CPU
		{96BC68DD-7227-4754-809C-4AA15974E9CE}.Release|Any CPU.ActiveCfg = Release|Any CPU
		{96BC68DD-7227-4754-809C-4AA15974E9CE}.Release|Any CPU.Build.0 = Release|Any CPU
		{7A3F846E-4D57-44C1-9D2E-946A109DAF6F}.Debug|Any CPU.ActiveCfg = Debug|Any CPU
		{7A3F846E-4D57-44C1-9D2E-946A109DAF6F}.Debug|Any CPU.Build.0 = Debug|Any CPU
		{7A3F846E-4D57-44C1-9D2E-946A109DAF6F}.Release|Any CPU.ActiveCfg = Release|Any CPU
		{7A3F846E-4D57-44C1-9D2E-946A109DAF6F}.Release|Any CPU.Build.0 = Release|Any CPU
		{F682062A-3C24-4282-AD24-F659C39B388E}.Debug|Any CPU.ActiveCfg = Debug|Any CPU
		{F682062A-3C24-4282-AD24-F659C39B388E}.Debug|Any CPU.Build.0 = Debug|Any CPU
		{F682062A-3C24-4282-AD24-F659C39B388E}.Release|Any CPU.ActiveCfg = Release|Any CPU
		{F682062A-3C24-4282-AD24-F659C39B388E}.Release|Any CPU.Build.0 = Release|Any CPU
		{05724568-5211-4927-832E-2FA7DA2579F3}.Debug|Any CPU.ActiveCfg = Debug|Any CPU
		{05724568-5211-4927-832E-2FA7DA2579F3}.Debug|Any CPU.Build.0 = Debug|Any CPU
		{05724568-5211-4927-832E-2FA7DA2579F3}.Release|Any CPU.ActiveCfg = Release|Any CPU
		{05724568-5211-4927-832E-2FA7DA2579F3}.Release|Any CPU.Build.0 = Release|Any CPU
		{9EB67BAF-A059-45CA-B568-F1ECAAB2E450}.Debug|Any CPU.ActiveCfg = Debug|Any CPU
		{9EB67BAF-A059-45CA-B568-F1ECAAB2E450}.Debug|Any CPU.Build.0 = Debug|Any CPU
		{9EB67BAF-A059-45CA-B568-F1ECAAB2E450}.Release|Any CPU.ActiveCfg = Release|Any CPU
		{9EB67BAF-A059-45CA-B568-F1ECAAB2E450}.Release|Any CPU.Build.0 = Release|Any CPU
		{D6B64AB9-9B98-4B83-9E65-FAEAC3A40DCC}.Debug|Any CPU.ActiveCfg = Debug|Any CPU
		{D6B64AB9-9B98-4B83-9E65-FAEAC3A40DCC}.Debug|Any CPU.Build.0 = Debug|Any CPU
		{D6B64AB9-9B98-4B83-9E65-FAEAC3A40DCC}.Release|Any CPU.ActiveCfg = Release|Any CPU
		{D6B64AB9-9B98-4B83-9E65-FAEAC3A40DCC}.Release|Any CPU.Build.0 = Release|Any CPU
		{F3F110D2-C767-4B3A-BEDB-3D1AA8138F27}.Debug|Any CPU.ActiveCfg = Debug|Any CPU
		{F3F110D2-C767-4B3A-BEDB-3D1AA8138F27}.Debug|Any CPU.Build.0 = Debug|Any CPU
		{F3F110D2-C767-4B3A-BEDB-3D1AA8138F27}.Release|Any CPU.ActiveCfg = Release|Any CPU
		{F3F110D2-C767-4B3A-BEDB-3D1AA8138F27}.Release|Any CPU.Build.0 = Release|Any CPU
		{05A01A04-7349-46FD-A316-8D7379AA1AF5}.Debug|Any CPU.ActiveCfg = Debug|Any CPU
		{05A01A04-7349-46FD-A316-8D7379AA1AF5}.Debug|Any CPU.Build.0 = Debug|Any CPU
		{05A01A04-7349-46FD-A316-8D7379AA1AF5}.Release|Any CPU.ActiveCfg = Release|Any CPU
		{05A01A04-7349-46FD-A316-8D7379AA1AF5}.Release|Any CPU.Build.0 = Release|Any CPU
		{BFA9860A-F2B3-4FC0-8B5F-075196BAB748}.Debug|Any CPU.ActiveCfg = Debug|Any CPU
		{BFA9860A-F2B3-4FC0-8B5F-075196BAB748}.Debug|Any CPU.Build.0 = Debug|Any CPU
		{BFA9860A-F2B3-4FC0-8B5F-075196BAB748}.Release|Any CPU.ActiveCfg = Release|Any CPU
		{BFA9860A-F2B3-4FC0-8B5F-075196BAB748}.Release|Any CPU.Build.0 = Release|Any CPU
		{178E4E5D-F168-4EF1-9CB4-95CF4340063A}.Debug|Any CPU.ActiveCfg = Debug|Any CPU
		{178E4E5D-F168-4EF1-9CB4-95CF4340063A}.Debug|Any CPU.Build.0 = Debug|Any CPU
		{178E4E5D-F168-4EF1-9CB4-95CF4340063A}.Release|Any CPU.ActiveCfg = Release|Any CPU
		{178E4E5D-F168-4EF1-9CB4-95CF4340063A}.Release|Any CPU.Build.0 = Release|Any CPU
		{F7E9E98A-D48F-47C4-A470-7725EAC6718A}.Debug|Any CPU.ActiveCfg = Debug|Any CPU
		{F7E9E98A-D48F-47C4-A470-7725EAC6718A}.Debug|Any CPU.Build.0 = Debug|Any CPU
		{F7E9E98A-D48F-47C4-A470-7725EAC6718A}.Release|Any CPU.ActiveCfg = Release|Any CPU
		{F7E9E98A-D48F-47C4-A470-7725EAC6718A}.Release|Any CPU.Build.0 = Release|Any CPU
		{BD72187B-0352-40D7-BFFC-1E0DCA638678}.Debug|Any CPU.ActiveCfg = Debug|Any CPU
		{BD72187B-0352-40D7-BFFC-1E0DCA638678}.Debug|Any CPU.Build.0 = Debug|Any CPU
		{BD72187B-0352-40D7-BFFC-1E0DCA638678}.Release|Any CPU.ActiveCfg = Release|Any CPU
		{BD72187B-0352-40D7-BFFC-1E0DCA638678}.Release|Any CPU.Build.0 = Release|Any CPU
		{095E86A9-B0B1-46CE-8084-525CCA13325A}.Debug|Any CPU.ActiveCfg = Debug|Any CPU
		{095E86A9-B0B1-46CE-8084-525CCA13325A}.Debug|Any CPU.Build.0 = Debug|Any CPU
		{095E86A9-B0B1-46CE-8084-525CCA13325A}.Release|Any CPU.ActiveCfg = Release|Any CPU
		{095E86A9-B0B1-46CE-8084-525CCA13325A}.Release|Any CPU.Build.0 = Release|Any CPU
		{E372A231-5B69-48E3-A3BE-255CAE762DA5}.Debug|Any CPU.ActiveCfg = Debug|Any CPU
		{E372A231-5B69-48E3-A3BE-255CAE762DA5}.Debug|Any CPU.Build.0 = Debug|Any CPU
		{E372A231-5B69-48E3-A3BE-255CAE762DA5}.Release|Any CPU.ActiveCfg = Release|Any CPU
		{E372A231-5B69-48E3-A3BE-255CAE762DA5}.Release|Any CPU.Build.0 = Release|Any CPU
		{4B6037D5-F143-4658-AA67-50900B3ED911}.Debug|Any CPU.ActiveCfg = Debug|Any CPU
		{4B6037D5-F143-4658-AA67-50900B3ED911}.Debug|Any CPU.Build.0 = Debug|Any CPU
		{4B6037D5-F143-4658-AA67-50900B3ED911}.Release|Any CPU.ActiveCfg = Release|Any CPU
		{4B6037D5-F143-4658-AA67-50900B3ED911}.Release|Any CPU.Build.0 = Release|Any CPU
		{7BBCE75F-0497-4EE9-85CE-D75C27532E86}.Debug|Any CPU.ActiveCfg = Debug|Any CPU
		{7BBCE75F-0497-4EE9-85CE-D75C27532E86}.Debug|Any CPU.Build.0 = Debug|Any CPU
		{7BBCE75F-0497-4EE9-85CE-D75C27532E86}.Release|Any CPU.ActiveCfg = Release|Any CPU
		{7BBCE75F-0497-4EE9-85CE-D75C27532E86}.Release|Any CPU.Build.0 = Release|Any CPU
		{762CCF58-5672-49AA-BF3F-17D6C7E319BA}.Debug|Any CPU.ActiveCfg = Debug|Any CPU
		{762CCF58-5672-49AA-BF3F-17D6C7E319BA}.Debug|Any CPU.Build.0 = Debug|Any CPU
		{762CCF58-5672-49AA-BF3F-17D6C7E319BA}.Release|Any CPU.ActiveCfg = Release|Any CPU
		{762CCF58-5672-49AA-BF3F-17D6C7E319BA}.Release|Any CPU.Build.0 = Release|Any CPU
		{235A8C82-9FEA-429D-A03C-A53941AE15BD}.Debug|Any CPU.ActiveCfg = Debug|Any CPU
		{235A8C82-9FEA-429D-A03C-A53941AE15BD}.Debug|Any CPU.Build.0 = Debug|Any CPU
		{235A8C82-9FEA-429D-A03C-A53941AE15BD}.Release|Any CPU.ActiveCfg = Release|Any CPU
		{235A8C82-9FEA-429D-A03C-A53941AE15BD}.Release|Any CPU.Build.0 = Release|Any CPU
		{7C7A8B91-578F-4476-80D8-C77E5FCD131F}.Debug|Any CPU.ActiveCfg = Debug|Any CPU
		{7C7A8B91-578F-4476-80D8-C77E5FCD131F}.Debug|Any CPU.Build.0 = Debug|Any CPU
		{7C7A8B91-578F-4476-80D8-C77E5FCD131F}.Release|Any CPU.ActiveCfg = Release|Any CPU
		{7C7A8B91-578F-4476-80D8-C77E5FCD131F}.Release|Any CPU.Build.0 = Release|Any CPU
		{7B9454AF-238E-437E-B00C-92A89EB190E6}.Debug|Any CPU.ActiveCfg = Debug|Any CPU
		{7B9454AF-238E-437E-B00C-92A89EB190E6}.Debug|Any CPU.Build.0 = Debug|Any CPU
		{7B9454AF-238E-437E-B00C-92A89EB190E6}.Release|Any CPU.ActiveCfg = Release|Any CPU
		{7B9454AF-238E-437E-B00C-92A89EB190E6}.Release|Any CPU.Build.0 = Release|Any CPU
		{8799B018-ED15-4DA7-ABBE-5EDCCB12547E}.Debug|Any CPU.ActiveCfg = Debug|Any CPU
		{8799B018-ED15-4DA7-ABBE-5EDCCB12547E}.Debug|Any CPU.Build.0 = Debug|Any CPU
		{8799B018-ED15-4DA7-ABBE-5EDCCB12547E}.Release|Any CPU.ActiveCfg = Release|Any CPU
		{8799B018-ED15-4DA7-ABBE-5EDCCB12547E}.Release|Any CPU.Build.0 = Release|Any CPU
		{6E8E67D6-40E5-41DE-B803-CE611DA66016}.Debug|Any CPU.ActiveCfg = Debug|Any CPU
		{6E8E67D6-40E5-41DE-B803-CE611DA66016}.Debug|Any CPU.Build.0 = Debug|Any CPU
		{6E8E67D6-40E5-41DE-B803-CE611DA66016}.Release|Any CPU.ActiveCfg = Release|Any CPU
		{6E8E67D6-40E5-41DE-B803-CE611DA66016}.Release|Any CPU.Build.0 = Release|Any CPU
		{819CD409-108D-464E-8432-4849F3F64C05}.Debug|Any CPU.ActiveCfg = Debug|Any CPU
		{819CD409-108D-464E-8432-4849F3F64C05}.Debug|Any CPU.Build.0 = Debug|Any CPU
		{819CD409-108D-464E-8432-4849F3F64C05}.Release|Any CPU.ActiveCfg = Release|Any CPU
		{819CD409-108D-464E-8432-4849F3F64C05}.Release|Any CPU.Build.0 = Release|Any CPU
		{8CBD0CD2-A221-4802-9D91-55691AE424E3}.Debug|Any CPU.ActiveCfg = Debug|Any CPU
		{8CBD0CD2-A221-4802-9D91-55691AE424E3}.Debug|Any CPU.Build.0 = Debug|Any CPU
		{8CBD0CD2-A221-4802-9D91-55691AE424E3}.Release|Any CPU.ActiveCfg = Release|Any CPU
		{8CBD0CD2-A221-4802-9D91-55691AE424E3}.Release|Any CPU.Build.0 = Release|Any CPU
		{24A89275-4B29-4F58-B0BD-1B26CEAA9080}.Debug|Any CPU.ActiveCfg = Debug|Any CPU
		{24A89275-4B29-4F58-B0BD-1B26CEAA9080}.Debug|Any CPU.Build.0 = Debug|Any CPU
		{24A89275-4B29-4F58-B0BD-1B26CEAA9080}.Release|Any CPU.ActiveCfg = Release|Any CPU
		{24A89275-4B29-4F58-B0BD-1B26CEAA9080}.Release|Any CPU.Build.0 = Release|Any CPU
		{6E94F675-FF34-42D3-9A0A-3394CD8C15F8}.Debug|Any CPU.ActiveCfg = Debug|Any CPU
		{6E94F675-FF34-42D3-9A0A-3394CD8C15F8}.Debug|Any CPU.Build.0 = Debug|Any CPU
		{6E94F675-FF34-42D3-9A0A-3394CD8C15F8}.Release|Any CPU.ActiveCfg = Release|Any CPU
		{6E94F675-FF34-42D3-9A0A-3394CD8C15F8}.Release|Any CPU.Build.0 = Release|Any CPU
		{B0E2EC40-D68A-4ED5-AF85-0BF9B726D2CA}.Debug|Any CPU.ActiveCfg = Debug|Any CPU
		{B0E2EC40-D68A-4ED5-AF85-0BF9B726D2CA}.Debug|Any CPU.Build.0 = Debug|Any CPU
		{B0E2EC40-D68A-4ED5-AF85-0BF9B726D2CA}.Release|Any CPU.ActiveCfg = Release|Any CPU
		{B0E2EC40-D68A-4ED5-AF85-0BF9B726D2CA}.Release|Any CPU.Build.0 = Release|Any CPU
		{137C26B4-3627-4DC6-9438-5F7E2A470443}.Debug|Any CPU.ActiveCfg = Debug|Any CPU
		{137C26B4-3627-4DC6-9438-5F7E2A470443}.Debug|Any CPU.Build.0 = Debug|Any CPU
		{137C26B4-3627-4DC6-9438-5F7E2A470443}.Release|Any CPU.ActiveCfg = Release|Any CPU
		{137C26B4-3627-4DC6-9438-5F7E2A470443}.Release|Any CPU.Build.0 = Release|Any CPU
		{A1494CBD-A1CC-49EC-AC35-E017E7434927}.Debug|Any CPU.ActiveCfg = Debug|Any CPU
		{A1494CBD-A1CC-49EC-AC35-E017E7434927}.Debug|Any CPU.Build.0 = Debug|Any CPU
		{A1494CBD-A1CC-49EC-AC35-E017E7434927}.Release|Any CPU.ActiveCfg = Release|Any CPU
		{A1494CBD-A1CC-49EC-AC35-E017E7434927}.Release|Any CPU.Build.0 = Release|Any CPU
		{4EA15FE2-FB4F-401C-8148-5B500AAA30B3}.Debug|Any CPU.ActiveCfg = Debug|Any CPU
		{4EA15FE2-FB4F-401C-8148-5B500AAA30B3}.Debug|Any CPU.Build.0 = Debug|Any CPU
		{4EA15FE2-FB4F-401C-8148-5B500AAA30B3}.Release|Any CPU.ActiveCfg = Release|Any CPU
		{4EA15FE2-FB4F-401C-8148-5B500AAA30B3}.Release|Any CPU.Build.0 = Release|Any CPU
		{689857BE-3CA6-4D67-8B92-D205676A1559}.Debug|Any CPU.ActiveCfg = Debug|Any CPU
		{689857BE-3CA6-4D67-8B92-D205676A1559}.Debug|Any CPU.Build.0 = Debug|Any CPU
		{689857BE-3CA6-4D67-8B92-D205676A1559}.Release|Any CPU.ActiveCfg = Release|Any CPU
		{689857BE-3CA6-4D67-8B92-D205676A1559}.Release|Any CPU.Build.0 = Release|Any CPU
		{534B49E7-27BB-4568-AB41-9E94329E9DAA}.Debug|Any CPU.ActiveCfg = Debug|Any CPU
		{534B49E7-27BB-4568-AB41-9E94329E9DAA}.Debug|Any CPU.Build.0 = Debug|Any CPU
		{534B49E7-27BB-4568-AB41-9E94329E9DAA}.Release|Any CPU.ActiveCfg = Release|Any CPU
		{534B49E7-27BB-4568-AB41-9E94329E9DAA}.Release|Any CPU.Build.0 = Release|Any CPU
		{B400AF1F-8B2F-4C0F-927F-09C23872335E}.Debug|Any CPU.ActiveCfg = Debug|Any CPU
		{B400AF1F-8B2F-4C0F-927F-09C23872335E}.Debug|Any CPU.Build.0 = Debug|Any CPU
		{B400AF1F-8B2F-4C0F-927F-09C23872335E}.Release|Any CPU.ActiveCfg = Release|Any CPU
		{B400AF1F-8B2F-4C0F-927F-09C23872335E}.Release|Any CPU.Build.0 = Release|Any CPU
		{FD697C0A-39CF-4950-8912-748BED208040}.Debug|Any CPU.ActiveCfg = Debug|Any CPU
		{FD697C0A-39CF-4950-8912-748BED208040}.Debug|Any CPU.Build.0 = Debug|Any CPU
		{FD697C0A-39CF-4950-8912-748BED208040}.Release|Any CPU.ActiveCfg = Release|Any CPU
		{FD697C0A-39CF-4950-8912-748BED208040}.Release|Any CPU.Build.0 = Release|Any CPU
		{F02C6B9D-1BE4-4F97-A534-717FFD8D7971}.Debug|Any CPU.ActiveCfg = Debug|Any CPU
		{F02C6B9D-1BE4-4F97-A534-717FFD8D7971}.Debug|Any CPU.Build.0 = Debug|Any CPU
		{F02C6B9D-1BE4-4F97-A534-717FFD8D7971}.Release|Any CPU.ActiveCfg = Release|Any CPU
		{F02C6B9D-1BE4-4F97-A534-717FFD8D7971}.Release|Any CPU.Build.0 = Release|Any CPU
		{C16DC8E3-23F2-42F3-861B-5FB953D5E23D}.Debug|Any CPU.ActiveCfg = Debug|Any CPU
		{C16DC8E3-23F2-42F3-861B-5FB953D5E23D}.Debug|Any CPU.Build.0 = Debug|Any CPU
		{C16DC8E3-23F2-42F3-861B-5FB953D5E23D}.Release|Any CPU.ActiveCfg = Release|Any CPU
		{C16DC8E3-23F2-42F3-861B-5FB953D5E23D}.Release|Any CPU.Build.0 = Release|Any CPU
		{3B26DE84-4EF2-4FD8-BB52-A1473B03366B}.Debug|Any CPU.ActiveCfg = Debug|Any CPU
		{3B26DE84-4EF2-4FD8-BB52-A1473B03366B}.Debug|Any CPU.Build.0 = Debug|Any CPU
		{3B26DE84-4EF2-4FD8-BB52-A1473B03366B}.Release|Any CPU.ActiveCfg = Release|Any CPU
		{3B26DE84-4EF2-4FD8-BB52-A1473B03366B}.Release|Any CPU.Build.0 = Release|Any CPU
		{6411DD85-AF39-4457-A111-AFA6F3F59B86}.Debug|Any CPU.ActiveCfg = Debug|Any CPU
		{6411DD85-AF39-4457-A111-AFA6F3F59B86}.Debug|Any CPU.Build.0 = Debug|Any CPU
		{6411DD85-AF39-4457-A111-AFA6F3F59B86}.Release|Any CPU.ActiveCfg = Release|Any CPU
		{6411DD85-AF39-4457-A111-AFA6F3F59B86}.Release|Any CPU.Build.0 = Release|Any CPU
	EndGlobalSection
	GlobalSection(SolutionProperties) = preSolution
		HideSolutionNode = FALSE
	EndGlobalSection
	GlobalSection(ExtensibilityGlobals) = postSolution
		SolutionGuid = {3436B047-1627-425F-B82D-A4496BDC546C}
	EndGlobalSection
EndGlobal
